// !$*UTF8*$!
{
	archiveVersion = 1;
	classes = {
	};
	objectVersion = 55;
	objects = {

/* Begin PBXBuildFile section */
		AB654E5029E1DA3B003068BC /* MR_Resturant_AppApp.swift in Sources */ = {isa = PBXBuildFile; fileRef = AB654E4F29E1DA3B003068BC /* MR_Resturant_AppApp.swift */; };
		AB654E5229E1DA3B003068BC /* ContentView.swift in Sources */ = {isa = PBXBuildFile; fileRef = AB654E5129E1DA3B003068BC /* ContentView.swift */; };
		AB654E5429E1DA3E003068BC /* Assets.xcassets in Resources */ = {isa = PBXBuildFile; fileRef = AB654E5329E1DA3E003068BC /* Assets.xcassets */; };
		AB654E5729E1DA3E003068BC /* Preview Assets.xcassets in Resources */ = {isa = PBXBuildFile; fileRef = AB654E5629E1DA3E003068BC /* Preview Assets.xcassets */; };
		AB654E6129E1DA3F003068BC /* MR_Resturant_AppTests.swift in Sources */ = {isa = PBXBuildFile; fileRef = AB654E6029E1DA3F003068BC /* MR_Resturant_AppTests.swift */; };
		AB654E6B29E1DA3F003068BC /* MR_Resturant_AppUITests.swift in Sources */ = {isa = PBXBuildFile; fileRef = AB654E6A29E1DA3F003068BC /* MR_Resturant_AppUITests.swift */; };
		AB654E6D29E1DA3F003068BC /* MR_Resturant_AppUITestsLaunchTests.swift in Sources */ = {isa = PBXBuildFile; fileRef = AB654E6C29E1DA3F003068BC /* MR_Resturant_AppUITestsLaunchTests.swift */; };
		AB654E7E29E1EBF2003068BC /* ButtonUi.swift in Sources */ = {isa = PBXBuildFile; fileRef = AB654E7D29E1EBF1003068BC /* ButtonUi.swift */; };
/* End PBXBuildFile section */

/* Begin PBXContainerItemProxy section */
		AB654E5D29E1DA3F003068BC /* PBXContainerItemProxy */ = {
			isa = PBXContainerItemProxy;
			containerPortal = AB654E4429E1DA3B003068BC /* Project object */;
			proxyType = 1;
			remoteGlobalIDString = AB654E4B29E1DA3B003068BC;
			remoteInfo = "MR Resturant App";
		};
		AB654E6729E1DA3F003068BC /* PBXContainerItemProxy */ = {
			isa = PBXContainerItemProxy;
			containerPortal = AB654E4429E1DA3B003068BC /* Project object */;
			proxyType = 1;
			remoteGlobalIDString = AB654E4B29E1DA3B003068BC;
			remoteInfo = "MR Resturant App";
		};
/* End PBXContainerItemProxy section */

/* Begin PBXFileReference section */
		AB654E4C29E1DA3B003068BC /* MR Resturant App.app */ = {isa = PBXFileReference; explicitFileType = wrapper.application; includeInIndex = 0; path = "MR Resturant App.app"; sourceTree = BUILT_PRODUCTS_DIR; };
		AB654E4F29E1DA3B003068BC /* MR_Resturant_AppApp.swift */ = {isa = PBXFileReference; lastKnownFileType = sourcecode.swift; path = MR_Resturant_AppApp.swift; sourceTree = "<group>"; };
		AB654E5129E1DA3B003068BC /* ContentView.swift */ = {isa = PBXFileReference; lastKnownFileType = sourcecode.swift; path = ContentView.swift; sourceTree = "<group>"; };
		AB654E5329E1DA3E003068BC /* Assets.xcassets */ = {isa = PBXFileReference; lastKnownFileType = folder.assetcatalog; path = Assets.xcassets; sourceTree = "<group>"; };
		AB654E5629E1DA3E003068BC /* Preview Assets.xcassets */ = {isa = PBXFileReference; lastKnownFileType = folder.assetcatalog; path = "Preview Assets.xcassets"; sourceTree = "<group>"; };
		AB654E5C29E1DA3F003068BC /* MR Resturant AppTests.xctest */ = {isa = PBXFileReference; explicitFileType = wrapper.cfbundle; includeInIndex = 0; path = "MR Resturant AppTests.xctest"; sourceTree = BUILT_PRODUCTS_DIR; };
		AB654E6029E1DA3F003068BC /* MR_Resturant_AppTests.swift */ = {isa = PBXFileReference; lastKnownFileType = sourcecode.swift; path = MR_Resturant_AppTests.swift; sourceTree = "<group>"; };
		AB654E6629E1DA3F003068BC /* MR Resturant AppUITests.xctest */ = {isa = PBXFileReference; explicitFileType = wrapper.cfbundle; includeInIndex = 0; path = "MR Resturant AppUITests.xctest"; sourceTree = BUILT_PRODUCTS_DIR; };
		AB654E6A29E1DA3F003068BC /* MR_Resturant_AppUITests.swift */ = {isa = PBXFileReference; lastKnownFileType = sourcecode.swift; path = MR_Resturant_AppUITests.swift; sourceTree = "<group>"; };
		AB654E6C29E1DA3F003068BC /* MR_Resturant_AppUITestsLaunchTests.swift */ = {isa = PBXFileReference; lastKnownFileType = sourcecode.swift; path = MR_Resturant_AppUITestsLaunchTests.swift; sourceTree = "<group>"; };
		AB654E7D29E1EBF1003068BC /* ButtonUi.swift */ = {isa = PBXFileReference; lastKnownFileType = sourcecode.swift; path = ButtonUi.swift; sourceTree = "<group>"; };
/* End PBXFileReference section */

/* Begin PBXFrameworksBuildPhase section */
		AB654E4929E1DA3B003068BC /* Frameworks */ = {
			isa = PBXFrameworksBuildPhase;
			buildActionMask = 2147483647;
			files = (
			);
			runOnlyForDeploymentPostprocessing = 0;
		};
		AB654E5929E1DA3F003068BC /* Frameworks */ = {
			isa = PBXFrameworksBuildPhase;
			buildActionMask = 2147483647;
			files = (
			);
			runOnlyForDeploymentPostprocessing = 0;
		};
		AB654E6329E1DA3F003068BC /* Frameworks */ = {
			isa = PBXFrameworksBuildPhase;
			buildActionMask = 2147483647;
			files = (
			);
			runOnlyForDeploymentPostprocessing = 0;
		};
/* End PBXFrameworksBuildPhase section */

/* Begin PBXGroup section */
		AB654E4329E1DA3B003068BC = {
			isa = PBXGroup;
			children = (
				AB654E4E29E1DA3B003068BC /* MR Resturant App */,
				AB654E5F29E1DA3F003068BC /* MR Resturant AppTests */,
				AB654E6929E1DA3F003068BC /* MR Resturant AppUITests */,
				AB654E4D29E1DA3B003068BC /* Products */,
			);
			sourceTree = "<group>";
		};
		AB654E4D29E1DA3B003068BC /* Products */ = {
			isa = PBXGroup;
			children = (
				AB654E4C29E1DA3B003068BC /* MR Resturant App.app */,
				AB654E5C29E1DA3F003068BC /* MR Resturant AppTests.xctest */,
				AB654E6629E1DA3F003068BC /* MR Resturant AppUITests.xctest */,
			);
			name = Products;
			sourceTree = "<group>";
		};
		AB654E4E29E1DA3B003068BC /* MR Resturant App */ = {
			isa = PBXGroup;
			children = (
				AB654E4F29E1DA3B003068BC /* MR_Resturant_AppApp.swift */,
				AB654E5129E1DA3B003068BC /* ContentView.swift */,
				AB654E7D29E1EBF1003068BC /* ButtonUi.swift */,
				AB654E5329E1DA3E003068BC /* Assets.xcassets */,
				AB654E5529E1DA3E003068BC /* Preview Content */,
			);
			path = "MR Resturant App";
			sourceTree = "<group>";
		};
		AB654E5529E1DA3E003068BC /* Preview Content */ = {
			isa = PBXGroup;
			children = (
				AB654E5629E1DA3E003068BC /* Preview Assets.xcassets */,
			);
			path = "Preview Content";
			sourceTree = "<group>";
		};
		AB654E5F29E1DA3F003068BC /* MR Resturant AppTests */ = {
			isa = PBXGroup;
			children = (
				AB654E6029E1DA3F003068BC /* MR_Resturant_AppTests.swift */,
			);
			path = "MR Resturant AppTests";
			sourceTree = "<group>";
		};
		AB654E6929E1DA3F003068BC /* MR Resturant AppUITests */ = {
			isa = PBXGroup;
			children = (
				AB654E6A29E1DA3F003068BC /* MR_Resturant_AppUITests.swift */,
				AB654E6C29E1DA3F003068BC /* MR_Resturant_AppUITestsLaunchTests.swift */,
			);
			path = "MR Resturant AppUITests";
			sourceTree = "<group>";
		};
/* End PBXGroup section */

/* Begin PBXNativeTarget section */
		AB654E4B29E1DA3B003068BC /* MR Resturant App */ = {
			isa = PBXNativeTarget;
			buildConfigurationList = AB654E7029E1DA3F003068BC /* Build configuration list for PBXNativeTarget "MR Resturant App" */;
			buildPhases = (
				AB654E4829E1DA3B003068BC /* Sources */,
				AB654E4929E1DA3B003068BC /* Frameworks */,
				AB654E4A29E1DA3B003068BC /* Resources */,
			);
			buildRules = (
			);
			dependencies = (
			);
			name = "MR Resturant App";
			productName = "MR Resturant App";
			productReference = AB654E4C29E1DA3B003068BC /* MR Resturant App.app */;
			productType = "com.apple.product-type.application";
		};
		AB654E5B29E1DA3F003068BC /* MR Resturant AppTests */ = {
			isa = PBXNativeTarget;
			buildConfigurationList = AB654E7329E1DA3F003068BC /* Build configuration list for PBXNativeTarget "MR Resturant AppTests" */;
			buildPhases = (
				AB654E5829E1DA3F003068BC /* Sources */,
				AB654E5929E1DA3F003068BC /* Frameworks */,
				AB654E5A29E1DA3F003068BC /* Resources */,
			);
			buildRules = (
			);
			dependencies = (
				AB654E5E29E1DA3F003068BC /* PBXTargetDependency */,
			);
			name = "MR Resturant AppTests";
			productName = "MR Resturant AppTests";
			productReference = AB654E5C29E1DA3F003068BC /* MR Resturant AppTests.xctest */;
			productType = "com.apple.product-type.bundle.unit-test";
		};
		AB654E6529E1DA3F003068BC /* MR Resturant AppUITests */ = {
			isa = PBXNativeTarget;
			buildConfigurationList = AB654E7629E1DA3F003068BC /* Build configuration list for PBXNativeTarget "MR Resturant AppUITests" */;
			buildPhases = (
				AB654E6229E1DA3F003068BC /* Sources */,
				AB654E6329E1DA3F003068BC /* Frameworks */,
				AB654E6429E1DA3F003068BC /* Resources */,
			);
			buildRules = (
			);
			dependencies = (
				AB654E6829E1DA3F003068BC /* PBXTargetDependency */,
			);
			name = "MR Resturant AppUITests";
			productName = "MR Resturant AppUITests";
			productReference = AB654E6629E1DA3F003068BC /* MR Resturant AppUITests.xctest */;
			productType = "com.apple.product-type.bundle.ui-testing";
		};
/* End PBXNativeTarget section */

/* Begin PBXProject section */
		AB654E4429E1DA3B003068BC /* Project object */ = {
			isa = PBXProject;
			attributes = {
				BuildIndependentTargetsInParallel = 1;
				LastSwiftUpdateCheck = 1340;
				LastUpgradeCheck = 1340;
				TargetAttributes = {
					AB654E4B29E1DA3B003068BC = {
						CreatedOnToolsVersion = 13.4.1;
					};
					AB654E5B29E1DA3F003068BC = {
						CreatedOnToolsVersion = 13.4.1;
						TestTargetID = AB654E4B29E1DA3B003068BC;
					};
					AB654E6529E1DA3F003068BC = {
						CreatedOnToolsVersion = 13.4.1;
						TestTargetID = AB654E4B29E1DA3B003068BC;
					};
				};
			};
			buildConfigurationList = AB654E4729E1DA3B003068BC /* Build configuration list for PBXProject "MR Resturant App" */;
			compatibilityVersion = "Xcode 13.0";
			developmentRegion = en;
			hasScannedForEncodings = 0;
			knownRegions = (
				en,
				Base,
			);
			mainGroup = AB654E4329E1DA3B003068BC;
			productRefGroup = AB654E4D29E1DA3B003068BC /* Products */;
			projectDirPath = "";
			projectRoot = "";
			targets = (
				AB654E4B29E1DA3B003068BC /* MR Resturant App */,
				AB654E5B29E1DA3F003068BC /* MR Resturant AppTests */,
				AB654E6529E1DA3F003068BC /* MR Resturant AppUITests */,
			);
		};
/* End PBXProject section */

/* Begin PBXResourcesBuildPhase section */
		AB654E4A29E1DA3B003068BC /* Resources */ = {
			isa = PBXResourcesBuildPhase;
			buildActionMask = 2147483647;
			files = (
				AB654E5729E1DA3E003068BC /* Preview Assets.xcassets in Resources */,
				AB654E5429E1DA3E003068BC /* Assets.xcassets in Resources */,
			);
			runOnlyForDeploymentPostprocessing = 0;
		};
		AB654E5A29E1DA3F003068BC /* Resources */ = {
			isa = PBXResourcesBuildPhase;
			buildActionMask = 2147483647;
			files = (
			);
			runOnlyForDeploymentPostprocessing = 0;
		};
		AB654E6429E1DA3F003068BC /* Resources */ = {
			isa = PBXResourcesBuildPhase;
			buildActionMask = 2147483647;
			files = (
			);
			runOnlyForDeploymentPostprocessing = 0;
		};
/* End PBXResourcesBuildPhase section */

/* Begin PBXSourcesBuildPhase section */
		AB654E4829E1DA3B003068BC /* Sources */ = {
			isa = PBXSourcesBuildPhase;
			buildActionMask = 2147483647;
			files = (
				AB654E5229E1DA3B003068BC /* ContentView.swift in Sources */,
				AB654E7E29E1EBF2003068BC /* ButtonUi.swift in Sources */,
				AB654E5029E1DA3B003068BC /* MR_Resturant_AppApp.swift in Sources */,
			);
			runOnlyForDeploymentPostprocessing = 0;
		};
		AB654E5829E1DA3F003068BC /* Sources */ = {
			isa = PBXSourcesBuildPhase;
			buildActionMask = 2147483647;
			files = (
				AB654E6129E1DA3F003068BC /* MR_Resturant_AppTests.swift in Sources */,
			);
			runOnlyForDeploymentPostprocessing = 0;
		};
		AB654E6229E1DA3F003068BC /* Sources */ = {
			isa = PBXSourcesBuildPhase;
			buildActionMask = 2147483647;
			files = (
				AB654E6D29E1DA3F003068BC /* MR_Resturant_AppUITestsLaunchTests.swift in Sources */,
				AB654E6B29E1DA3F003068BC /* MR_Resturant_AppUITests.swift in Sources */,
			);
			runOnlyForDeploymentPostprocessing = 0;
		};
/* End PBXSourcesBuildPhase section */

/* Begin PBXTargetDependency section */
		AB654E5E29E1DA3F003068BC /* PBXTargetDependency */ = {
			isa = PBXTargetDependency;
			target = AB654E4B29E1DA3B003068BC /* MR Resturant App */;
			targetProxy = AB654E5D29E1DA3F003068BC /* PBXContainerItemProxy */;
		};
		AB654E6829E1DA3F003068BC /* PBXTargetDependency */ = {
			isa = PBXTargetDependency;
			target = AB654E4B29E1DA3B003068BC /* MR Resturant App */;
			targetProxy = AB654E6729E1DA3F003068BC /* PBXContainerItemProxy */;
		};
/* End PBXTargetDependency section */

/* Begin XCBuildConfiguration section */
		AB654E6E29E1DA3F003068BC /* Debug */ = {
			isa = XCBuildConfiguration;
			buildSettings = {
				ALWAYS_SEARCH_USER_PATHS = NO;
				CLANG_ANALYZER_NONNULL = YES;
				CLANG_ANALYZER_NUMBER_OBJECT_CONVERSION = YES_AGGRESSIVE;
				CLANG_CXX_LANGUAGE_STANDARD = "gnu++17";
				CLANG_ENABLE_MODULES = YES;
				CLANG_ENABLE_OBJC_ARC = YES;
				CLANG_ENABLE_OBJC_WEAK = YES;
				CLANG_WARN_BLOCK_CAPTURE_AUTORELEASING = YES;
				CLANG_WARN_BOOL_CONVERSION = YES;
				CLANG_WARN_COMMA = YES;
				CLANG_WARN_CONSTANT_CONVERSION = YES;
				CLANG_WARN_DEPRECATED_OBJC_IMPLEMENTATIONS = YES;
				CLANG_WARN_DIRECT_OBJC_ISA_USAGE = YES_ERROR;
				CLANG_WARN_DOCUMENTATION_COMMENTS = YES;
				CLANG_WARN_EMPTY_BODY = YES;
				CLANG_WARN_ENUM_CONVERSION = YES;
				CLANG_WARN_INFINITE_RECURSION = YES;
				CLANG_WARN_INT_CONVERSION = YES;
				CLANG_WARN_NON_LITERAL_NULL_CONVERSION = YES;
				CLANG_WARN_OBJC_IMPLICIT_RETAIN_SELF = YES;
				CLANG_WARN_OBJC_LITERAL_CONVERSION = YES;
				CLANG_WARN_OBJC_ROOT_CLASS = YES_ERROR;
				CLANG_WARN_QUOTED_INCLUDE_IN_FRAMEWORK_HEADER = YES;
				CLANG_WARN_RANGE_LOOP_ANALYSIS = YES;
				CLANG_WARN_STRICT_PROTOTYPES = YES;
				CLANG_WARN_SUSPICIOUS_MOVE = YES;
				CLANG_WARN_UNGUARDED_AVAILABILITY = YES_AGGRESSIVE;
				CLANG_WARN_UNREACHABLE_CODE = YES;
				CLANG_WARN__DUPLICATE_METHOD_MATCH = YES;
				COPY_PHASE_STRIP = NO;
				DEBUG_INFORMATION_FORMAT = dwarf;
				ENABLE_STRICT_OBJC_MSGSEND = YES;
				ENABLE_TESTABILITY = YES;
				GCC_C_LANGUAGE_STANDARD = gnu11;
				GCC_DYNAMIC_NO_PIC = NO;
				GCC_NO_COMMON_BLOCKS = YES;
				GCC_OPTIMIZATION_LEVEL = 0;
				GCC_PREPROCESSOR_DEFINITIONS = (
					"DEBUG=1",
					"$(inherited)",
				);
				GCC_WARN_64_TO_32_BIT_CONVERSION = YES;
				GCC_WARN_ABOUT_RETURN_TYPE = YES_ERROR;
				GCC_WARN_UNDECLARED_SELECTOR = YES;
				GCC_WARN_UNINITIALIZED_AUTOS = YES_AGGRESSIVE;
				GCC_WARN_UNUSED_FUNCTION = YES;
				GCC_WARN_UNUSED_VARIABLE = YES;
				IPHONEOS_DEPLOYMENT_TARGET = 15.5;
				MTL_ENABLE_DEBUG_INFO = INCLUDE_SOURCE;
				MTL_FAST_MATH = YES;
				ONLY_ACTIVE_ARCH = YES;
				SDKROOT = iphoneos;
				SWIFT_ACTIVE_COMPILATION_CONDITIONS = DEBUG;
				SWIFT_OPTIMIZATION_LEVEL = "-Onone";
			};
			name = Debug;
		};
		AB654E6F29E1DA3F003068BC /* Release */ = {
			isa = XCBuildConfiguration;
			buildSettings = {
				ALWAYS_SEARCH_USER_PATHS = NO;
				CLANG_ANALYZER_NONNULL = YES;
				CLANG_ANALYZER_NUMBER_OBJECT_CONVERSION = YES_AGGRESSIVE;
				CLANG_CXX_LANGUAGE_STANDARD = "gnu++17";
				CLANG_ENABLE_MODULES = YES;
				CLANG_ENABLE_OBJC_ARC = YES;
				CLANG_ENABLE_OBJC_WEAK = YES;
				CLANG_WARN_BLOCK_CAPTURE_AUTORELEASING = YES;
				CLANG_WARN_BOOL_CONVERSION = YES;
				CLANG_WARN_COMMA = YES;
				CLANG_WARN_CONSTANT_CONVERSION = YES;
				CLANG_WARN_DEPRECATED_OBJC_IMPLEMENTATIONS = YES;
				CLANG_WARN_DIRECT_OBJC_ISA_USAGE = YES_ERROR;
				CLANG_WARN_DOCUMENTATION_COMMENTS = YES;
				CLANG_WARN_EMPTY_BODY = YES;
				CLANG_WARN_ENUM_CONVERSION = YES;
				CLANG_WARN_INFINITE_RECURSION = YES;
				CLANG_WARN_INT_CONVERSION = YES;
				CLANG_WARN_NON_LITERAL_NULL_CONVERSION = YES;
				CLANG_WARN_OBJC_IMPLICIT_RETAIN_SELF = YES;
				CLANG_WARN_OBJC_LITERAL_CONVERSION = YES;
				CLANG_WARN_OBJC_ROOT_CLASS = YES_ERROR;
				CLANG_WARN_QUOTED_INCLUDE_IN_FRAMEWORK_HEADER = YES;
				CLANG_WARN_RANGE_LOOP_ANALYSIS = YES;
				CLANG_WARN_STRICT_PROTOTYPES = YES;
				CLANG_WARN_SUSPICIOUS_MOVE = YES;
				CLANG_WARN_UNGUARDED_AVAILABILITY = YES_AGGRESSIVE;
				CLANG_WARN_UNREACHABLE_CODE = YES;
				CLANG_WARN__DUPLICATE_METHOD_MATCH = YES;
				COPY_PHASE_STRIP = NO;
				DEBUG_INFORMATION_FORMAT = "dwarf-with-dsym";
				ENABLE_NS_ASSERTIONS = NO;
				ENABLE_STRICT_OBJC_MSGSEND = YES;
				GCC_C_LANGUAGE_STANDARD = gnu11;
				GCC_NO_COMMON_BLOCKS = YES;
				GCC_WARN_64_TO_32_BIT_CONVERSION = YES;
				GCC_WARN_ABOUT_RETURN_TYPE = YES_ERROR;
				GCC_WARN_UNDECLARED_SELECTOR = YES;
				GCC_WARN_UNINITIALIZED_AUTOS = YES_AGGRESSIVE;
				GCC_WARN_UNUSED_FUNCTION = YES;
				GCC_WARN_UNUSED_VARIABLE = YES;
				IPHONEOS_DEPLOYMENT_TARGET = 15.5;
				MTL_ENABLE_DEBUG_INFO = NO;
				MTL_FAST_MATH = YES;
				SDKROOT = iphoneos;
				SWIFT_COMPILATION_MODE = wholemodule;
				SWIFT_OPTIMIZATION_LEVEL = "-O";
				VALIDATE_PRODUCT = YES;
			};
			name = Release;
		};
		AB654E7129E1DA3F003068BC /* Debug */ = {
			isa = XCBuildConfiguration;
			buildSettings = {
				ASSETCATALOG_COMPILER_APPICON_NAME = AppIcon;
				ASSETCATALOG_COMPILER_GLOBAL_ACCENT_COLOR_NAME = AccentColor;
				CODE_SIGN_STYLE = Automatic;
				CURRENT_PROJECT_VERSION = 1;
				DEVELOPMENT_ASSET_PATHS = "\"MR Resturant App/Preview Content\"";
				ENABLE_PREVIEWS = YES;
				GENERATE_INFOPLIST_FILE = YES;
				INFOPLIST_KEY_UIApplicationSceneManifest_Generation = YES;
				INFOPLIST_KEY_UIApplicationSupportsIndirectInputEvents = YES;
				INFOPLIST_KEY_UILaunchScreen_Generation = YES;
				INFOPLIST_KEY_UISupportedInterfaceOrientations_iPad = "UIInterfaceOrientationPortrait UIInterfaceOrientationPortraitUpsideDown UIInterfaceOrientationLandscapeLeft UIInterfaceOrientationLandscapeRight";
				INFOPLIST_KEY_UISupportedInterfaceOrientations_iPhone = "UIInterfaceOrientationPortrait UIInterfaceOrientationLandscapeLeft UIInterfaceOrientationLandscapeRight";
				LD_RUNPATH_SEARCH_PATHS = (
					"$(inherited)",
					"@executable_path/Frameworks",
				);
				MARKETING_VERSION = 1.0;
				PRODUCT_BUNDLE_IDENTIFIER = "Jonathan-Huang.MR-Resturant-App";
				PRODUCT_NAME = "$(TARGET_NAME)";
				SWIFT_EMIT_LOC_STRINGS = YES;
				SWIFT_VERSION = 5.0;
				TARGETED_DEVICE_FAMILY = "1,2";
			};
			name = Debug;
		};
		AB654E7229E1DA3F003068BC /* Release */ = {
			isa = XCBuildConfiguration;
			buildSettings = {
				ASSETCATALOG_COMPILER_APPICON_NAME = AppIcon;
				ASSETCATALOG_COMPILER_GLOBAL_ACCENT_COLOR_NAME = AccentColor;
				CODE_SIGN_STYLE = Automatic;
				CURRENT_PROJECT_VERSION = 1;
				DEVELOPMENT_ASSET_PATHS = "\"MR Resturant App/Preview Content\"";
				ENABLE_PREVIEWS = YES;
				GENERATE_INFOPLIST_FILE = YES;
				INFOPLIST_KEY_UIApplicationSceneManifest_Generation = YES;
				INFOPLIST_KEY_UIApplicationSupportsIndirectInputEvents = YES;
				INFOPLIST_KEY_UILaunchScreen_Generation = YES;
				INFOPLIST_KEY_UISupportedInterfaceOrientations_iPad = "UIInterfaceOrientationPortrait UIInterfaceOrientationPortraitUpsideDown UIInterfaceOrientationLandscapeLeft UIInterfaceOrientationLandscapeRight";
				INFOPLIST_KEY_UISupportedInterfaceOrientations_iPhone = "UIInterfaceOrientationPortrait UIInterfaceOrientationLandscapeLeft UIInterfaceOrientationLandscapeRight";
				LD_RUNPATH_SEARCH_PATHS = (
					"$(inherited)",
					"@executable_path/Frameworks",
				);
				MARKETING_VERSION = 1.0;
				PRODUCT_BUNDLE_IDENTIFIER = "Jonathan-Huang.MR-Resturant-App";
				PRODUCT_NAME = "$(TARGET_NAME)";
				SWIFT_EMIT_LOC_STRINGS = YES;
				SWIFT_VERSION = 5.0;
				TARGETED_DEVICE_FAMILY = "1,2";
			};
			name = Release;
		};
		AB654E7429E1DA3F003068BC /* Debug */ = {
			isa = XCBuildConfiguration;
			buildSettings = {
				ALWAYS_EMBED_SWIFT_STANDARD_LIBRARIES = YES;
				BUNDLE_LOADER = "$(TEST_HOST)";
				CODE_SIGN_STYLE = Automatic;
				CURRENT_PROJECT_VERSION = 1;
				GENERATE_INFOPLIST_FILE = YES;
				IPHONEOS_DEPLOYMENT_TARGET = 15.5;
				MARKETING_VERSION = 1.0;
				PRODUCT_BUNDLE_IDENTIFIER = "Jonathan-Huang.MR-Resturant-AppTests";
				PRODUCT_NAME = "$(TARGET_NAME)";
				SWIFT_EMIT_LOC_STRINGS = NO;
				SWIFT_VERSION = 5.0;
				TARGETED_DEVICE_FAMILY = "1,2";
				TEST_HOST = "$(BUILT_PRODUCTS_DIR)/MR Resturant App.app/MR Resturant App";
			};
			name = Debug;
		};
		AB654E7529E1DA3F003068BC /* Release */ = {
			isa = XCBuildConfiguration;
			buildSettings = {
				ALWAYS_EMBED_SWIFT_STANDARD_LIBRARIES = YES;
				BUNDLE_LOADER = "$(TEST_HOST)";
				CODE_SIGN_STYLE = Automatic;
				CURRENT_PROJECT_VERSION = 1;
				GENERATE_INFOPLIST_FILE = YES;
				IPHONEOS_DEPLOYMENT_TARGET = 15.5;
				MARKETING_VERSION = 1.0;
				PRODUCT_BUNDLE_IDENTIFIER = "Jonathan-Huang.MR-Resturant-AppTests";
				PRODUCT_NAME = "$(TARGET_NAME)";
				SWIFT_EMIT_LOC_STRINGS = NO;
				SWIFT_VERSION = 5.0;
				TARGETED_DEVICE_FAMILY = "1,2";
				TEST_HOST = "$(BUILT_PRODUCTS_DIR)/MR Resturant App.app/MR Resturant App";
			};
			name = Release;
		};
		AB654E7729E1DA3F003068BC /* Debug */ = {
			isa = XCBuildConfiguration;
			buildSettings = {
				ALWAYS_EMBED_SWIFT_STANDARD_LIBRARIES = YES;
				CODE_SIGN_STYLE = Automatic;
				CURRENT_PROJECT_VERSION = 1;
				GENERATE_INFOPLIST_FILE = YES;
				MARKETING_VERSION = 1.0;
				PRODUCT_BUNDLE_IDENTIFIER = "Jonathan-Huang.MR-Resturant-AppUITests";
				PRODUCT_NAME = "$(TARGET_NAME)";
				SWIFT_EMIT_LOC_STRINGS = NO;
				SWIFT_VERSION = 5.0;
				TARGETED_DEVICE_FAMILY = "1,2";
				TEST_TARGET_NAME = "MR Resturant App";
			};
			name = Debug;
		};
		AB654E7829E1DA3F003068BC /* Release */ = {
			isa = XCBuildConfiguration;
			buildSettings = {
				ALWAYS_EMBED_SWIFT_STANDARD_LIBRARIES = YES;
				CODE_SIGN_STYLE = Automatic;
				CURRENT_PROJECT_VERSION = 1;
				GENERATE_INFOPLIST_FILE = YES;
				MARKETING_VERSION = 1.0;
				PRODUCT_BUNDLE_IDENTIFIER = "Jonathan-Huang.MR-Resturant-AppUITests";
				PRODUCT_NAME = "$(TARGET_NAME)";
				SWIFT_EMIT_LOC_STRINGS = NO;
				SWIFT_VERSION = 5.0;
				TARGETED_DEVICE_FAMILY = "1,2";
				TEST_TARGET_NAME = "MR Resturant App";
			};
			name = Release;
		};
/* End XCBuildConfiguration section */

/* Begin XCConfigurationList section */
		AB654E4729E1DA3B003068BC /* Build configuration list for PBXProject "MR Resturant App" */ = {
			isa = XCConfigurationList;
			buildConfigurations = (
				AB654E6E29E1DA3F003068BC /* Debug */,
				AB654E6F29E1DA3F003068BC /* Release */,
			);
			defaultConfigurationIsVisible = 0;
			defaultConfigurationName = Release;
		};
		AB654E7029E1DA3F003068BC /* Build configuration list for PBXNativeTarget "MR Resturant App" */ = {
			isa = XCConfigurationList;
			buildConfigurations = (
				AB654E7129E1DA3F003068BC /* Debug */,
				AB654E7229E1DA3F003068BC /* Release */,
			);
			defaultConfigurationIsVisible = 0;
			defaultConfigurationName = Release;
		};
		AB654E7329E1DA3F003068BC /* Build configuration list for PBXNativeTarget "MR Resturant AppTests" */ = {
			isa = XCConfigurationList;
			buildConfigurations = (
				AB654E7429E1DA3F003068BC /* Debug */,
				AB654E7529E1DA3F003068BC /* Release */,
			);
			defaultConfigurationIsVisible = 0;
			defaultConfigurationName = Release;
		};
		AB654E7629E1DA3F003068BC /* Build configuration list for PBXNativeTarget "MR Resturant AppUITests" */ = {
			isa = XCConfigurationList;
			buildConfigurations = (
				AB654E7729E1DA3F003068BC /* Debug */,
				AB654E7829E1DA3F003068BC /* Release */,
			);
			defaultConfigurationIsVisible = 0;
			defaultConfigurationName = Release;
		};
/* End XCConfigurationList section */
	};
	rootObject = AB654E4429E1DA3B003068BC /* Project object */;
}
